
Microsoft Visual Studio Solution File, Format Version 12.00
# Visual Studio Version 17
VisualStudioVersion = 17.5.002.0
MinimumVisualStudioVersion = 10.0.40219.1
Project("{9A19103F-16F7-4668-BE54-9A1E7A4F7556}") = "TwilioWhatsAppTriviaApp", "TwilioWhatsAppTriviaApp.csproj", "{0624A572-2E6F-4AFF-9C50-19F9C2643DC2}"
EndProject
Global
	GlobalSection(SolutionConfigurationPlatforms) = preSolution
		Debug|Any CPU = Debug|Any CPU
		Release|Any CPU = Release|Any CPU
	EndGlobalSection
	GlobalSection(ProjectConfigurationPlatforms) = postSolution
		{0624A572-2E6F-4AFF-9C50-19F9C2643DC2}.Debug|Any CPU.ActiveCfg = Debug|Any CPU
		{0624A572-2E6F-4AFF-9C50-19F9C2643DC2}.Debug|Any CPU.Build.0 = Debug|Any CPU
		{0624A572-2E6F-4AFF-9C50-19F9C2643DC2}.Release|Any CPU.ActiveCfg = Release|Any CPU
		{0624A572-2E6F-4AFF-9C50-19F9C2643DC2}.Release|Any CPU.Build.0 = Release|Any CPU
	EndGlobalSection
	GlobalSection(SolutionProperties) = preSolution
		HideSolutionNode = FALSE
	EndGlobalSection
	GlobalSection(ExtensibilityGlobals) = postSolution
		SolutionGuid = {438C08A8-47A6-4125-9865-857C442C7BD8}
	EndGlobalSection
EndGlobal
